// !$*UTF8*$!
{
	archiveVersion = 1;
	classes = {
	};
	objectVersion = 50;
	objects = {

/* Begin PBXBuildFile section */
		B87719B821EDB3A800741AAF /* AppDelegate.swift in Sources */ = {isa = PBXBuildFile; fileRef = B87719B721EDB3A800741AAF /* AppDelegate.swift */; };
		B87719BA21EDB3A800741AAF /* ViewController.swift in Sources */ = {isa = PBXBuildFile; fileRef = B87719B921EDB3A800741AAF /* ViewController.swift */; };
		B87719BD21EDB3A800741AAF /* Main.storyboard in Resources */ = {isa = PBXBuildFile; fileRef = B87719BB21EDB3A800741AAF /* Main.storyboard */; };
		B87719BF21EDB3A900741AAF /* Assets.xcassets in Resources */ = {isa = PBXBuildFile; fileRef = B87719BE21EDB3A900741AAF /* Assets.xcassets */; };
		B87719C221EDB3A900741AAF /* LaunchScreen.storyboard in Resources */ = {isa = PBXBuildFile; fileRef = B87719C021EDB3A900741AAF /* LaunchScreen.storyboard */; };
		B87719CD21EDB3A900741AAF /* zhihuTests.swift in Sources */ = {isa = PBXBuildFile; fileRef = B87719CC21EDB3A900741AAF /* zhihuTests.swift */; };
		B87719D821EDB3A900741AAF /* zhihuUITests.swift in Sources */ = {isa = PBXBuildFile; fileRef = B87719D721EDB3A900741AAF /* zhihuUITests.swift */; };
/* End PBXBuildFile section */

/* Begin PBXContainerItemProxy section */
		B87719C921EDB3A900741AAF /* PBXContainerItemProxy */ = {
			isa = PBXContainerItemProxy;
			containerPortal = B87719AC21EDB3A800741AAF /* Project object */;
			proxyType = 1;
			remoteGlobalIDString = B87719B321EDB3A800741AAF;
			remoteInfo = zhihu;
		};
		B87719D421EDB3A900741AAF /* PBXContainerItemProxy */ = {
			isa = PBXContainerItemProxy;
			containerPortal = B87719AC21EDB3A800741AAF /* Project object */;
			proxyType = 1;
			remoteGlobalIDString = B87719B321EDB3A800741AAF;
			remoteInfo = zhihu;
		};
/* End PBXContainerItemProxy section */

/* Begin PBXFileReference section */
		B87719B421EDB3A800741AAF /* zhihu.app */ = {isa = PBXFileReference; explicitFileType = wrapper.application; includeInIndex = 0; path = zhihu.app; sourceTree = BUILT_PRODUCTS_DIR; };
		B87719B721EDB3A800741AAF /* AppDelegate.swift */ = {isa = PBXFileReference; lastKnownFileType = sourcecode.swift; path = AppDelegate.swift; sourceTree = "<group>"; };
		B87719B921EDB3A800741AAF /* ViewController.swift */ = {isa = PBXFileReference; lastKnownFileType = sourcecode.swift; path = ViewController.swift; sourceTree = "<group>"; };
		B87719BC21EDB3A800741AAF /* Base */ = {isa = PBXFileReference; lastKnownFileType = file.storyboard; name = Base; path = Base.lproj/Main.storyboard; sourceTree = "<group>"; };
		B87719BE21EDB3A900741AAF /* Assets.xcassets */ = {isa = PBXFileReference; lastKnownFileType = folder.assetcatalog; path = Assets.xcassets; sourceTree = "<group>"; };
		B87719C121EDB3A900741AAF /* Base */ = {isa = PBXFileReference; lastKnownFileType = file.storyboard; name = Base; path = Base.lproj/LaunchScreen.storyboard; sourceTree = "<group>"; };
		B87719C321EDB3A900741AAF /* Info.plist */ = {isa = PBXFileReference; lastKnownFileType = text.plist.xml; path = Info.plist; sourceTree = "<group>"; };
		B87719C821EDB3A900741AAF /* zhihuTests.xctest */ = {isa = PBXFileReference; explicitFileType = wrapper.cfbundle; includeInIndex = 0; path = zhihuTests.xctest; sourceTree = BUILT_PRODUCTS_DIR; };
		B87719CC21EDB3A900741AAF /* zhihuTests.swift */ = {isa = PBXFileReference; lastKnownFileType = sourcecode.swift; path = zhihuTests.swift; sourceTree = "<group>"; };
		B87719CE21EDB3A900741AAF /* Info.plist */ = {isa = PBXFileReference; lastKnownFileType = text.plist.xml; path = Info.plist; sourceTree = "<group>"; };
		B87719D321EDB3A900741AAF /* zhihuUITests.xctest */ = {isa = PBXFileReference; explicitFileType = wrapper.cfbundle; includeInIndex = 0; path = zhihuUITests.xctest; sourceTree = BUILT_PRODUCTS_DIR; };
		B87719D721EDB3A900741AAF /* zhihuUITests.swift */ = {isa = PBXFileReference; lastKnownFileType = sourcecode.swift; path = zhihuUITests.swift; sourceTree = "<group>"; };
		B87719D921EDB3A900741AAF /* Info.plist */ = {isa = PBXFileReference; lastKnownFileType = text.plist.xml; path = Info.plist; sourceTree = "<group>"; };
/* End PBXFileReference section */

/* Begin PBXFrameworksBuildPhase section */
		B87719B121EDB3A800741AAF /* Frameworks */ = {
			isa = PBXFrameworksBuildPhase;
			buildActionMask = 2147483647;
			files = (
			);
			runOnlyForDeploymentPostprocessing = 0;
		};
		B87719C521EDB3A900741AAF /* Frameworks */ = {
			isa = PBXFrameworksBuildPhase;
			buildActionMask = 2147483647;
			files = (
			);
			runOnlyForDeploymentPostprocessing = 0;
		};
		B87719D021EDB3A900741AAF /* Frameworks */ = {
			isa = PBXFrameworksBuildPhase;
			buildActionMask = 2147483647;
			files = (
			);
			runOnlyForDeploymentPostprocessing = 0;
		};
/* End PBXFrameworksBuildPhase section */

/* Begin PBXGroup section */
		B87719AB21EDB3A800741AAF = {
			isa = PBXGroup;
			children = (
				B87719B621EDB3A800741AAF /* zhihu */,
				B87719CB21EDB3A900741AAF /* zhihuTests */,
				B87719D621EDB3A900741AAF /* zhihuUITests */,
				B87719B521EDB3A800741AAF /* Products */,
			);
			sourceTree = "<group>";
		};
		B87719B521EDB3A800741AAF /* Products */ = {
			isa = PBXGroup;
			children = (
				B87719B421EDB3A800741AAF /* zhihu.app */,
				B87719C821EDB3A900741AAF /* zhihuTests.xctest */,
				B87719D321EDB3A900741AAF /* zhihuUITests.xctest */,
			);
			name = Products;
			sourceTree = "<group>";
		};
		B87719B621EDB3A800741AAF /* zhihu */ = {
			isa = PBXGroup;
			children = (
				B87719B721EDB3A800741AAF /* AppDelegate.swift */,
				B87719B921EDB3A800741AAF /* ViewController.swift */,
				B87719BB21EDB3A800741AAF /* Main.storyboard */,
				B87719BE21EDB3A900741AAF /* Assets.xcassets */,
				B87719C021EDB3A900741AAF /* LaunchScreen.storyboard */,
				B87719C321EDB3A900741AAF /* Info.plist */,
			);
			path = zhihu;
			sourceTree = "<group>";
		};
		B87719CB21EDB3A900741AAF /* zhihuTests */ = {
			isa = PBXGroup;
			children = (
				B87719CC21EDB3A900741AAF /* zhihuTests.swift */,
				B87719CE21EDB3A900741AAF /* Info.plist */,
			);
			path = zhihuTests;
			sourceTree = "<group>";
		};
		B87719D621EDB3A900741AAF /* zhihuUITests */ = {
			isa = PBXGroup;
			children = (
				B87719D721EDB3A900741AAF /* zhihuUITests.swift */,
				B87719D921EDB3A900741AAF /* Info.plist */,
			);
			path = zhihuUITests;
			sourceTree = "<group>";
		};
/* End PBXGroup section */

/* Begin PBXNativeTarget section */
		B87719B321EDB3A800741AAF /* zhihu */ = {
			isa = PBXNativeTarget;
			buildConfigurationList = B87719DC21EDB3A900741AAF /* Build configuration list for PBXNativeTarget "zhihu" */;
			buildPhases = (
				B87719B021EDB3A800741AAF /* Sources */,
				B87719B121EDB3A800741AAF /* Frameworks */,
				B87719B221EDB3A800741AAF /* Resources */,
			);
			buildRules = (
			);
			dependencies = (
			);
			name = zhihu;
			productName = zhihu;
			productReference = B87719B421EDB3A800741AAF /* zhihu.app */;
			productType = "com.apple.product-type.application";
		};
		B87719C721EDB3A900741AAF /* zhihuTests */ = {
			isa = PBXNativeTarget;
			buildConfigurationList = B87719DF21EDB3A900741AAF /* Build configuration list for PBXNativeTarget "zhihuTests" */;
			buildPhases = (
				B87719C421EDB3A900741AAF /* Sources */,
				B87719C521EDB3A900741AAF /* Frameworks */,
				B87719C621EDB3A900741AAF /* Resources */,
			);
			buildRules = (
			);
			dependencies = (
				B87719CA21EDB3A900741AAF /* PBXTargetDependency */,
			);
			name = zhihuTests;
			productName = zhihuTests;
			productReference = B87719C821EDB3A900741AAF /* zhihuTests.xctest */;
			productType = "com.apple.product-type.bundle.unit-test";
		};
		B87719D221EDB3A900741AAF /* zhihuUITests */ = {
			isa = PBXNativeTarget;
			buildConfigurationList = B87719E221EDB3A900741AAF /* Build configuration list for PBXNativeTarget "zhihuUITests" */;
			buildPhases = (
				B87719CF21EDB3A900741AAF /* Sources */,
				B87719D021EDB3A900741AAF /* Frameworks */,
				B87719D121EDB3A900741AAF /* Resources */,
			);
			buildRules = (
			);
			dependencies = (
				B87719D521EDB3A900741AAF /* PBXTargetDependency */,
			);
			name = zhihuUITests;
			productName = zhihuUITests;
			productReference = B87719D321EDB3A900741AAF /* zhihuUITests.xctest */;
			productType = "com.apple.product-type.bundle.ui-testing";
		};
/* End PBXNativeTarget section */

/* Begin PBXProject section */
		B87719AC21EDB3A800741AAF /* Project object */ = {
			isa = PBXProject;
			attributes = {
				LastSwiftUpdateCheck = 1010;
				LastUpgradeCheck = 1010;
				ORGANIZATIONNAME = "远坂凛";
				TargetAttributes = {
					B87719B321EDB3A800741AAF = {
						CreatedOnToolsVersion = 10.1;
					};
					B87719C721EDB3A900741AAF = {
						CreatedOnToolsVersion = 10.1;
						TestTargetID = B87719B321EDB3A800741AAF;
					};
					B87719D221EDB3A900741AAF = {
						CreatedOnToolsVersion = 10.1;
						TestTargetID = B87719B321EDB3A800741AAF;
					};
				};
			};
			buildConfigurationList = B87719AF21EDB3A800741AAF /* Build configuration list for PBXProject "zhihu" */;
			compatibilityVersion = "Xcode 9.3";
			developmentRegion = en;
			hasScannedForEncodings = 0;
			knownRegions = (
				en,
				Base,
			);
			mainGroup = B87719AB21EDB3A800741AAF;
			productRefGroup = B87719B521EDB3A800741AAF /* Products */;
			projectDirPath = "";
			projectRoot = "";
			targets = (
				B87719B321EDB3A800741AAF /* zhihu */,
				B87719C721EDB3A900741AAF /* zhihuTests */,
				B87719D221EDB3A900741AAF /* zhihuUITests */,
			);
		};
/* End PBXProject section */

/* Begin PBXResourcesBuildPhase section */
		B87719B221EDB3A800741AAF /* Resources */ = {
			isa = PBXResourcesBuildPhase;
			buildActionMask = 2147483647;
			files = (
				B87719C221EDB3A900741AAF /* LaunchScreen.storyboard in Resources */,
				B87719BF21EDB3A900741AAF /* Assets.xcassets in Resources */,
				B87719BD21EDB3A800741AAF /* Main.storyboard in Resources */,
			);
			runOnlyForDeploymentPostprocessing = 0;
		};
		B87719C621EDB3A900741AAF /* Resources */ = {
			isa = PBXResourcesBuildPhase;
			buildActionMask = 2147483647;
			files = (
			);
			runOnlyForDeploymentPostprocessing = 0;
		};
		B87719D121EDB3A900741AAF /* Resources */ = {
			isa = PBXResourcesBuildPhase;
			buildActionMask = 2147483647;
			files = (
			);
			runOnlyForDeploymentPostprocessing = 0;
		};
/* End PBXResourcesBuildPhase section */

/* Begin PBXSourcesBuildPhase section */
		B87719B021EDB3A800741AAF /* Sources */ = {
			isa = PBXSourcesBuildPhase;
			buildActionMask = 2147483647;
			files = (
				B87719BA21EDB3A800741AAF /* ViewController.swift in Sources */,
				B87719B821EDB3A800741AAF /* AppDelegate.swift in Sources */,
			);
			runOnlyForDeploymentPostprocessing = 0;
		};
		B87719C421EDB3A900741AAF /* Sources */ = {
			isa = PBXSourcesBuildPhase;
			buildActionMask = 2147483647;
			files = (
				B87719CD21EDB3A900741AAF /* zhihuTests.swift in Sources */,
			);
			runOnlyForDeploymentPostprocessing = 0;
		};
		B87719CF21EDB3A900741AAF /* Sources */ = {
			isa = PBXSourcesBuildPhase;
			buildActionMask = 2147483647;
			files = (
				B87719D821EDB3A900741AAF /* zhihuUITests.swift in Sources */,
			);
			runOnlyForDeploymentPostprocessing = 0;
		};
/* End PBXSourcesBuildPhase section */

/* Begin PBXTargetDependency section */
		B87719CA21EDB3A900741AAF /* PBXTargetDependency */ = {
			isa = PBXTargetDependency;
			target = B87719B321EDB3A800741AAF /* zhihu */;
			targetProxy = B87719C921EDB3A900741AAF /* PBXContainerItemProxy */;
		};
		B87719D521EDB3A900741AAF /* PBXTargetDependency */ = {
			isa = PBXTargetDependency;
			target = B87719B321EDB3A800741AAF /* zhihu */;
			targetProxy = B87719D421EDB3A900741AAF /* PBXContainerItemProxy */;
		};
/* End PBXTargetDependency section */

/* Begin PBXVariantGroup section */
		B87719BB21EDB3A800741AAF /* Main.storyboard */ = {
			isa = PBXVariantGroup;
			children = (
				B87719BC21EDB3A800741AAF /* Base */,
			);
			name = Main.storyboard;
			sourceTree = "<group>";
		};
		B87719C021EDB3A900741AAF /* LaunchScreen.storyboard */ = {
			isa = PBXVariantGroup;
			children = (
				B87719C121EDB3A900741AAF /* Base */,
			);
			name = LaunchScreen.storyboard;
			sourceTree = "<group>";
		};
/* End PBXVariantGroup section */

/* Begin XCBuildConfiguration section */
		B87719DA21EDB3A900741AAF /* Debug */ = {
			isa = XCBuildConfiguration;
			buildSettings = {
				ALWAYS_SEARCH_USER_PATHS = NO;
				CLANG_ANALYZER_NONNULL = YES;
				CLANG_ANALYZER_NUMBER_OBJECT_CONVERSION = YES_AGGRESSIVE;
				CLANG_CXX_LANGUAGE_STANDARD = "gnu++14";
				CLANG_CXX_LIBRARY = "libc++";
				CLANG_ENABLE_MODULES = YES;
				CLANG_ENABLE_OBJC_ARC = YES;
				CLANG_ENABLE_OBJC_WEAK = YES;
				CLANG_WARN_BLOCK_CAPTURE_AUTORELEASING = YES;
				CLANG_WARN_BOOL_CONVERSION = YES;
				CLANG_WARN_COMMA = YES;
				CLANG_WARN_CONSTANT_CONVERSION = YES;
				CLANG_WARN_DEPRECATED_OBJC_IMPLEMENTATIONS = YES;
				CLANG_WARN_DIRECT_OBJC_ISA_USAGE = YES_ERROR;
				CLANG_WARN_DOCUMENTATION_COMMENTS = YES;
				CLANG_WARN_EMPTY_BODY = YES;
				CLANG_WARN_ENUM_CONVERSION = YES;
				CLANG_WARN_INFINITE_RECURSION = YES;
				CLANG_WARN_INT_CONVERSION = YES;
				CLANG_WARN_NON_LITERAL_NULL_CONVERSION = YES;
				CLANG_WARN_OBJC_IMPLICIT_RETAIN_SELF = YES;
				CLANG_WARN_OBJC_LITERAL_CONVERSION = YES;
				CLANG_WARN_OBJC_ROOT_CLASS = YES_ERROR;
				CLANG_WARN_RANGE_LOOP_ANALYSIS = YES;
				CLANG_WARN_STRICT_PROTOTYPES = YES;
				CLANG_WARN_SUSPICIOUS_MOVE = YES;
				CLANG_WARN_UNGUARDED_AVAILABILITY = YES_AGGRESSIVE;
				CLANG_WARN_UNREACHABLE_CODE = YES;
				CLANG_WARN__DUPLICATE_METHOD_MATCH = YES;
				CODE_SIGN_IDENTITY = "iPhone Developer";
				COPY_PHASE_STRIP = NO;
				DEBUG_INFORMATION_FORMAT = dwarf;
				ENABLE_STRICT_OBJC_MSGSEND = YES;
				ENABLE_TESTABILITY = YES;
				GCC_C_LANGUAGE_STANDARD = gnu11;
				GCC_DYNAMIC_NO_PIC = NO;
				GCC_NO_COMMON_BLOCKS = YES;
				GCC_OPTIMIZATION_LEVEL = 0;
				GCC_PREPROCESSOR_DEFINITIONS = (
					"DEBUG=1",
					"$(inherited)",
				);
				GCC_WARN_64_TO_32_BIT_CONVERSION = YES;
				GCC_WARN_ABOUT_RETURN_TYPE = YES_ERROR;
				GCC_WARN_UNDECLARED_SELECTOR = YES;
				GCC_WARN_UNINITIALIZED_AUTOS = YES_AGGRESSIVE;
				GCC_WARN_UNUSED_FUNCTION = YES;
				GCC_WARN_UNUSED_VARIABLE = YES;
				IPHONEOS_DEPLOYMENT_TARGET = 12.1;
				MTL_ENABLE_DEBUG_INFO = INCLUDE_SOURCE;
				MTL_FAST_MATH = YES;
				ONLY_ACTIVE_ARCH = YES;
				SDKROOT = iphoneos;
				SWIFT_ACTIVE_COMPILATION_CONDITIONS = DEBUG;
				SWIFT_OPTIMIZATION_LEVEL = "-Onone";
			};
			name = Debug;
		};
		B87719DB21EDB3A900741AAF /* Release */ = {
			isa = XCBuildConfiguration;
			buildSettings = {
				ALWAYS_SEARCH_USER_PATHS = NO;
				CLANG_ANALYZER_NONNULL = YES;
				CLANG_ANALYZER_NUMBER_OBJECT_CONVERSION = YES_AGGRESSIVE;
				CLANG_CXX_LANGUAGE_STANDARD = "gnu++14";
				CLANG_CXX_LIBRARY = "libc++";
				CLANG_ENABLE_MODULES = YES;
				CLANG_ENABLE_OBJC_ARC = YES;
				CLANG_ENABLE_OBJC_WEAK = YES;
				CLANG_WARN_BLOCK_CAPTURE_AUTORELEASING = YES;
				CLANG_WARN_BOOL_CONVERSION = YES;
				CLANG_WARN_COMMA = YES;
				CLANG_WARN_CONSTANT_CONVERSION = YES;
				CLANG_WARN_DEPRECATED_OBJC_IMPLEMENTATIONS = YES;
				CLANG_WARN_DIRECT_OBJC_ISA_USAGE = YES_ERROR;
				CLANG_WARN_DOCUMENTATION_COMMENTS = YES;
				CLANG_WARN_EMPTY_BODY = YES;
				CLANG_WARN_ENUM_CONVERSION = YES;
				CLANG_WARN_INFINITE_RECURSION = YES;
				CLANG_WARN_INT_CONVERSION = YES;
				CLANG_WARN_NON_LITERAL_NULL_CONVERSION = YES;
				CLANG_WARN_OBJC_IMPLICIT_RETAIN_SELF = YES;
				CLANG_WARN_OBJC_LITERAL_CONVERSION = YES;
				CLANG_WARN_OBJC_ROOT_CLASS = YES_ERROR;
				CLANG_WARN_RANGE_LOOP_ANALYSIS = YES;
				CLANG_WARN_STRICT_PROTOTYPES = YES;
				CLANG_WARN_SUSPICIOUS_MOVE = YES;
				CLANG_WARN_UNGUARDED_AVAILABILITY = YES_AGGRESSIVE;
				CLANG_WARN_UNREACHABLE_CODE = YES;
				CLANG_WARN__DUPLICATE_METHOD_MATCH = YES;
				CODE_SIGN_IDENTITY = "iPhone Developer";
				COPY_PHASE_STRIP = NO;
				DEBUG_INFORMATION_FORMAT = "dwarf-with-dsym";
				ENABLE_NS_ASSERTIONS = NO;
				ENABLE_STRICT_OBJC_MSGSEND = YES;
				GCC_C_LANGUAGE_STANDARD = gnu11;
				GCC_NO_COMMON_BLOCKS = YES;
				GCC_WARN_64_TO_32_BIT_CONVERSION = YES;
				GCC_WARN_ABOUT_RETURN_TYPE = YES_ERROR;
				GCC_WARN_UNDECLARED_SELECTOR = YES;
				GCC_WARN_UNINITIALIZED_AUTOS = YES_AGGRESSIVE;
				GCC_WARN_UNUSED_FUNCTION = YES;
				GCC_WARN_UNUSED_VARIABLE = YES;
				IPHONEOS_DEPLOYMENT_TARGET = 12.1;
				MTL_ENABLE_DEBUG_INFO = NO;
				MTL_FAST_MATH = YES;
				SDKROOT = iphoneos;
				SWIFT_COMPILATION_MODE = wholemodule;
				SWIFT_OPTIMIZATION_LEVEL = "-O";
				VALIDATE_PRODUCT = YES;
			};
			name = Release;
		};
		B87719DD21EDB3A900741AAF /* Debug */ = {
			isa = XCBuildConfiguration;
			buildSettings = {
				ASSETCATALOG_COMPILER_APPICON_NAME = AppIcon;
				CODE_SIGN_STYLE = Automatic;
				DEVELOPMENT_TEAM = RZJX863SMT;
				INFOPLIST_FILE = zhihu/Info.plist;
				LD_RUNPATH_SEARCH_PATHS = (
					"$(inherited)",
					"@executable_path/Frameworks",
				);
				PRODUCT_BUNDLE_IDENTIFIER = com.qx1024.zhihu;
				PRODUCT_NAME = "$(TARGET_NAME)";
				SWIFT_VERSION = 4.2;
				TARGETED_DEVICE_FAMILY = "1,2";
			};
			name = Debug;
		};
		B87719DE21EDB3A900741AAF /* Release */ = {
			isa = XCBuildConfiguration;
			buildSettings = {
				ASSETCATALOG_COMPILER_APPICON_NAME = AppIcon;
				CODE_SIGN_STYLE = Automatic;
				DEVELOPMENT_TEAM = RZJX863SMT;
				INFOPLIST_FILE = zhihu/Info.plist;
				LD_RUNPATH_SEARCH_PATHS = (
					"$(inherited)",
					"@executable_path/Frameworks",
				);
				PRODUCT_BUNDLE_IDENTIFIER = com.qx1024.zhihu;
				PRODUCT_NAME = "$(TARGET_NAME)";
				SWIFT_VERSION = 4.2;
				TARGETED_DEVICE_FAMILY = "1,2";
			};
			name = Release;
		};
		B87719E021EDB3A900741AAF /* Debug */ = {
			isa = XCBuildConfiguration;
			buildSettings = {
				ALWAYS_EMBED_SWIFT_STANDARD_LIBRARIES = YES;
				BUNDLE_LOADER = "$(TEST_HOST)";
				CODE_SIGN_STYLE = Automatic;
				DEVELOPMENT_TEAM = RZJX863SMT;
				INFOPLIST_FILE = zhihuTests/Info.plist;
				LD_RUNPATH_SEARCH_PATHS = (
					"$(inherited)",
					"@executable_path/Frameworks",
					"@loader_path/Frameworks",
				);
				PRODUCT_BUNDLE_IDENTIFIER = com.qx1024.zhihuTests;
				PRODUCT_NAME = "$(TARGET_NAME)";
				SWIFT_VERSION = 4.2;
				TARGETED_DEVICE_FAMILY = "1,2";
				TEST_HOST = "$(BUILT_PRODUCTS_DIR)/zhihu.app/zhihu";
			};
			name = Debug;
		};
		B87719E121EDB3A900741AAF /* Release */ = {
			isa = XCBuildConfiguration;
			buildSettings = {
				ALWAYS_EMBED_SWIFT_STANDARD_LIBRARIES = YES;
				BUNDLE_LOADER = "$(TEST_HOST)";
				CODE_SIGN_STYLE = Automatic;
				DEVELOPMENT_TEAM = RZJX863SMT;
				INFOPLIST_FILE = zhihuTests/Info.plist;
				LD_RUNPATH_SEARCH_PATHS = (
					"$(inherited)",
					"@executable_path/Frameworks",
					"@loader_path/Frameworks",
				);
				PRODUCT_BUNDLE_IDENTIFIER = com.qx1024.zhihuTests;
				PRODUCT_NAME = "$(TARGET_NAME)";
				SWIFT_VERSION = 4.2;
				TARGETED_DEVICE_FAMILY = "1,2";
				TEST_HOST = "$(BUILT_PRODUCTS_DIR)/zhihu.app/zhihu";
			};
			name = Release;
		};
		B87719E321EDB3A900741AAF /* Debug */ = {
			isa = XCBuildConfiguration;
			buildSettings = {
				ALWAYS_EMBED_SWIFT_STANDARD_LIBRARIES = YES;
				CODE_SIGN_STYLE = Automatic;
				DEVELOPMENT_TEAM = RZJX863SMT;
				INFOPLIST_FILE = zhihuUITests/Info.plist;
				LD_RUNPATH_SEARCH_PATHS = (
					"$(inherited)",
					"@executable_path/Frameworks",
					"@loader_path/Frameworks",
				);
				PRODUCT_BUNDLE_IDENTIFIER = com.qx1024.zhihuUITests;
				PRODUCT_NAME = "$(TARGET_NAME)";
				SWIFT_VERSION = 4.2;
				TARGETED_DEVICE_FAMILY = "1,2";
				TEST_TARGET_NAME = zhihu;
			};
			name = Debug;
		};
		B87719E421EDB3A900741AAF /* Release */ = {
			isa = XCBuildConfiguration;
			buildSettings = {
				ALWAYS_EMBED_SWIFT_STANDARD_LIBRARIES = YES;
				CODE_SIGN_STYLE = Automatic;
				DEVELOPMENT_TEAM = RZJX863SMT;
				INFOPLIST_FILE = zhihuUITests/Info.plist;
				LD_RUNPATH_SEARCH_PATHS = (
					"$(inherited)",
					"@executable_path/Frameworks",
					"@loader_path/Frameworks",
				);
				PRODUCT_BUNDLE_IDENTIFIER = com.qx1024.zhihuUITests;
				PRODUCT_NAME = "$(TARGET_NAME)";
				SWIFT_VERSION = 4.2;
				TARGETED_DEVICE_FAMILY = "1,2";
				TEST_TARGET_NAME = zhihu;
			};
			name = Release;
		};
/* End XCBuildConfiguration section */

/* Begin XCConfigurationList section */
		B87719AF21EDB3A800741AAF /* Build configuration list for PBXProject "zhihu" */ = {
			isa = XCConfigurationList;
			buildConfigurations = (
				B87719DA21EDB3A900741AAF /* Debug */,
				B87719DB21EDB3A900741AAF /* Release */,
			);
			defaultConfigurationIsVisible = 0;
			defaultConfigurationName = Release;
		};
		B87719DC21EDB3A900741AAF /* Build configuration list for PBXNativeTarget "zhihu" */ = {
			isa = XCConfigurationList;
			buildConfigurations = (
				B87719DD21EDB3A900741AAF /* Debug */,
				B87719DE21EDB3A900741AAF /* Release */,
			);
			defaultConfigurationIsVisible = 0;
			defaultConfigurationName = Release;
		};
		B87719DF21EDB3A900741AAF /* Build configuration list for PBXNativeTarget "zhihuTests" */ = {
			isa = XCConfigurationList;
			buildConfigurations = (
				B87719E021EDB3A900741AAF /* Debug */,
				B87719E121EDB3A900741AAF /* Release */,
			);
			defaultConfigurationIsVisible = 0;
			defaultConfigurationName = Release;
		};
		B87719E221EDB3A900741AAF /* Build configuration list for PBXNativeTarget "zhihuUITests" */ = {
			isa = XCConfigurationList;
			buildConfigurations = (
				B87719E321EDB3A900741AAF /* Debug */,
				B87719E421EDB3A900741AAF /* Release */,
			);
			defaultConfigurationIsVisible = 0;
			defaultConfigurationName = Release;
		};
/* End XCConfigurationList section */
	};
	rootObject = B87719AC21EDB3A800741AAF /* Project object */;
}
